
Microsoft Visual Studio Solution File, Format Version 12.00
# Visual Studio 15
VisualStudioVersion = 15.0.27130.2027
MinimumVisualStudioVersion = 10.0.40219.1
Project("{FAE04EC0-301F-11D3-BF4B-00C04F79EFBC}") = "helpdesk2018", "helpdesk2018\helpdesk2018.csproj", "{CA2F692D-CC5A-47EB-8487-C14AE2518BB9}"
EndProject
Global
	GlobalSection(SolutionConfigurationPlatforms) = preSolution
		Debug|Any CPU = Debug|Any CPU
		Release|Any CPU = Release|Any CPU
	EndGlobalSection
	GlobalSection(ProjectConfigurationPlatforms) = postSolution
		{CA2F692D-CC5A-47EB-8487-C14AE2518BB9}.Debug|Any CPU.ActiveCfg = Debug|Any CPU
		{CA2F692D-CC5A-47EB-8487-C14AE2518BB9}.Debug|Any CPU.Build.0 = Debug|Any CPU
		{CA2F692D-CC5A-47EB-8487-C14AE2518BB9}.Release|Any CPU.ActiveCfg = Release|Any CPU
		{CA2F692D-CC5A-47EB-8487-C14AE2518BB9}.Release|Any CPU.Build.0 = Release|Any CPU
	EndGlobalSection
	GlobalSection(SolutionProperties) = preSolution
		HideSolutionNode = FALSE
	EndGlobalSection
	GlobalSection(ExtensibilityGlobals) = postSolution
		SolutionGuid = {A34FB011-E6A2-4B68-9F3D-FD5A81037E29}
	EndGlobalSection
EndGlobal
